Microsoft Visual Studio Solution File, Format Version 12.00
# Visual Studio 2012
Project("{FAE04EC0-301F-11D3-BF4B-00C04F79EFBC}") = "Phalanx", "Phalanx.csproj", "{62046D27-54A3-4E8D-8885-24A950BA80F7}"
EndProject
Global
	GlobalSection(SolutionConfigurationPlatforms) = preSolution
	Debug|Any CPU = Debug|Any CPU
	ExportDebug|Any CPU = ExportDebug|Any CPU
	ExportRelease|Any CPU = ExportRelease|Any CPU
	EndGlobalSection
	GlobalSection(ProjectConfigurationPlatforms) = postSolution
		{62046D27-54A3-4E8D-8885-24A950BA80F7}.Debug|Any CPU.ActiveCfg = Debug|Any CPU
		{62046D27-54A3-4E8D-8885-24A950BA80F7}.Debug|Any CPU.Build.0 = Debug|Any CPU
		{62046D27-54A3-4E8D-8885-24A950BA80F7}.ExportDebug|Any CPU.ActiveCfg = ExportDebug|Any CPU
		{62046D27-54A3-4E8D-8885-24A950BA80F7}.ExportDebug|Any CPU.Build.0 = ExportDebug|Any CPU
		{62046D27-54A3-4E8D-8885-24A950BA80F7}.ExportRelease|Any CPU.ActiveCfg = ExportRelease|Any CPU
		{62046D27-54A3-4E8D-8885-24A950BA80F7}.ExportRelease|Any CPU.Build.0 = ExportRelease|Any CPU
	EndGlobalSection
EndGlobal
